<?xml version="1.0" encoding="utf-8"?>
<Project ToolsVersion="16.0" xmlns="http://schemas.microsoft.com/developer/msbuild/2003">
  <ItemGroup>
    <ClInclude Include="E:\Program Files (x86)\Crytek\CRYENGINE Launcher\Crytek\CRYENGINE_5.6\Code\CryEngine\CryCommon\CryCore\Platform\platform.h">
      <Filter>Header Files</Filter>
    </ClInclude>
  </ItemGroup>
  <ItemGroup>
    <CustomBuild Include="C:\Users\pc\Documents\CRYENGINE Projects\fps test project\Code\CMakeLists.txt" />
  </ItemGroup>
  <ItemGroup>
    <Filter Include="Header Files">
      <UniqueIdentifier>{F7316759-E869-3124-8303-E2EC9D7387F5}</UniqueIdentifier>
    </Filter>
  </ItemGroup>
</Project>
