<?xml version="1.0" encoding="utf-8"?>
<Project ToolsVersion="16.0" xmlns="http://schemas.microsoft.com/developer/msbuild/2003">
  <ItemGroup>
    <CustomBuild Include="C:\Users\pc\Documents\CRYENGINE Projects\fps test project\solutions\win64\CMakeFiles\88c1ce4151ea2ece8725c62adbb025f1\INSTALL_force.rule">
      <Filter>CMake Rules</Filter>
    </CustomBuild>
  </ItemGroup>
  <ItemGroup>
    <Filter Include="CMake Rules">
      <UniqueIdentifier>{DC01C0F5-2486-320B-AC20-4DDD3403B9AA}</UniqueIdentifier>
    </Filter>
  </ItemGroup>
</Project>
