Microsoft Visual Studio Solution File, Format Version 12.00
# Visual Studio 16
Project("{2150E333-8FDC-42A3-9474-1A3956D46DE8}") = "CMakePredefinedTargets", "CMakePredefinedTargets", "{580C0085-85AC-3606-B68A-750E4EF54EF5}"
EndProject
Project("{8BC9CEB8-8B4A-11D0-8D11-00A0C91BC942}") = "ALL_BUILD", "ALL_BUILD.vcxproj", "{5E1C4779-2E7B-3762-9BE1-0337007FDC34}"
	ProjectSection(ProjectDependencies) = postProject
		{4074DA6A-0FED-379D-8032-C8656A85D7E1} = {4074DA6A-0FED-379D-8032-C8656A85D7E1}
	EndProjectSection
EndProject
Project("{8BC9CEB8-8B4A-11D0-8D11-00A0C91BC942}") = "INSTALL", "INSTALL.vcxproj", "{5D5AD019-326E-3C53-AB41-4A6D8EC2D555}"
	ProjectSection(ProjectDependencies) = postProject
		{5E1C4779-2E7B-3762-9BE1-0337007FDC34} = {5E1C4779-2E7B-3762-9BE1-0337007FDC34}
		{4074DA6A-0FED-379D-8032-C8656A85D7E1} = {4074DA6A-0FED-379D-8032-C8656A85D7E1}
	EndProjectSection
EndProject
Project("{8BC9CEB8-8B4A-11D0-8D11-00A0C91BC942}") = "ZERO_CHECK", "..\\ZERO_CHECK.vcxproj", "{4074DA6A-0FED-379D-8032-C8656A85D7E1}"
	ProjectSection(ProjectDependencies) = postProject
	EndProjectSection
EndProject
Global
	GlobalSection(SolutionConfigurationPlatforms) = preSolution
		Debug|x64 = Debug|x64
		Profile|x64 = Profile|x64
		Release|x64 = Release|x64
	EndGlobalSection
	GlobalSection(ProjectConfigurationPlatforms) = postSolution
		{5E1C4779-2E7B-3762-9BE1-0337007FDC34}.Debug|x64.ActiveCfg = Debug|x64
		{5E1C4779-2E7B-3762-9BE1-0337007FDC34}.Debug|x64.Build.0 = Debug|x64
		{5E1C4779-2E7B-3762-9BE1-0337007FDC34}.Profile|x64.ActiveCfg = Profile|x64
		{5E1C4779-2E7B-3762-9BE1-0337007FDC34}.Profile|x64.Build.0 = Profile|x64
		{5E1C4779-2E7B-3762-9BE1-0337007FDC34}.Release|x64.ActiveCfg = Release|x64
		{5E1C4779-2E7B-3762-9BE1-0337007FDC34}.Release|x64.Build.0 = Release|x64
		{5D5AD019-326E-3C53-AB41-4A6D8EC2D555}.Debug|x64.ActiveCfg = Debug|x64
		{5D5AD019-326E-3C53-AB41-4A6D8EC2D555}.Profile|x64.ActiveCfg = Profile|x64
		{5D5AD019-326E-3C53-AB41-4A6D8EC2D555}.Release|x64.ActiveCfg = Release|x64
		{4074DA6A-0FED-379D-8032-C8656A85D7E1}.Debug|x64.ActiveCfg = Debug|x64
		{4074DA6A-0FED-379D-8032-C8656A85D7E1}.Debug|x64.Build.0 = Debug|x64
		{4074DA6A-0FED-379D-8032-C8656A85D7E1}.Profile|x64.ActiveCfg = Profile|x64
		{4074DA6A-0FED-379D-8032-C8656A85D7E1}.Profile|x64.Build.0 = Profile|x64
		{4074DA6A-0FED-379D-8032-C8656A85D7E1}.Release|x64.ActiveCfg = Release|x64
		{4074DA6A-0FED-379D-8032-C8656A85D7E1}.Release|x64.Build.0 = Release|x64
	EndGlobalSection
	GlobalSection(NestedProjects) = preSolution
		{5E1C4779-2E7B-3762-9BE1-0337007FDC34} = {580C0085-85AC-3606-B68A-750E4EF54EF5}
		{5D5AD019-326E-3C53-AB41-4A6D8EC2D555} = {580C0085-85AC-3606-B68A-750E4EF54EF5}
		{4074DA6A-0FED-379D-8032-C8656A85D7E1} = {580C0085-85AC-3606-B68A-750E4EF54EF5}
	EndGlobalSection
	GlobalSection(ExtensibilityGlobals) = postSolution
		SolutionGuid = {88F9E14B-E48C-335A-9A44-E081D5A5975A}
	EndGlobalSection
	GlobalSection(ExtensibilityAddIns) = postSolution
	EndGlobalSection
EndGlobal
